
Microsoft Visual Studio Solution File, Format Version 12.00
# Visual Studio Version 18
VisualStudioVersion = 18.4.11626.88
MinimumVisualStudioVersion = 10.0.40219.1
Project("{FAE04EC0-301F-11D3-BF4B-00C04F79EFBC}") = "Ecommerece _SoC", "Ecommerece _SoC.csproj", "{7439AAC5-EF43-F0EA-1A2B-236D5B76D4C1}"
EndProject
Project("{FAE04EC0-301F-11D3-BF4B-00C04F79EFBC}") = "E-Commerce System ERD & Models", "..\E-Commerce System ERD & Models\E-Commerce System ERD & Models.csproj", "{6FC2CDFD-8CBE-DE60-DFDA-102416782462}"
EndProject
Project("{FAE04EC0-301F-11D3-BF4B-00C04F79EFBC}") = "First Wep App", "..\First Wep App\First Wep App.csproj", "{27B7FC87-0F71-4072-889D-91E98F894E22}"
EndProject
Global
	GlobalSection(SolutionConfigurationPlatforms) = preSolution
		Debug|Any CPU = Debug|Any CPU
		Release|Any CPU = Release|Any CPU
	EndGlobalSection
	GlobalSection(ProjectConfigurationPlatforms) = postSolution
		{7439AAC5-EF43-F0EA-1A2B-236D5B76D4C1}.Debug|Any CPU.ActiveCfg = Debug|Any CPU
		{7439AAC5-EF43-F0EA-1A2B-236D5B76D4C1}.Debug|Any CPU.Build.0 = Debug|Any CPU
		{7439AAC5-EF43-F0EA-1A2B-236D5B76D4C1}.Release|Any CPU.ActiveCfg = Release|Any CPU
		{7439AAC5-EF43-F0EA-1A2B-236D5B76D4C1}.Release|Any CPU.Build.0 = Release|Any CPU
		{6FC2CDFD-8CBE-DE60-DFDA-102416782462}.Debug|Any CPU.ActiveCfg = Debug|Any CPU
		{6FC2CDFD-8CBE-DE60-DFDA-102416782462}.Debug|Any CPU.Build.0 = Debug|Any CPU
		{6FC2CDFD-8CBE-DE60-DFDA-102416782462}.Release|Any CPU.ActiveCfg = Release|Any CPU
		{6FC2CDFD-8CBE-DE60-DFDA-102416782462}.Release|Any CPU.Build.0 = Release|Any CPU
		{27B7FC87-0F71-4072-889D-91E98F894E22}.Debug|Any CPU.ActiveCfg = Debug|Any CPU
		{27B7FC87-0F71-4072-889D-91E98F894E22}.Debug|Any CPU.Build.0 = Debug|Any CPU
		{27B7FC87-0F71-4072-889D-91E98F894E22}.Release|Any CPU.ActiveCfg = Release|Any CPU
		{27B7FC87-0F71-4072-889D-91E98F894E22}.Release|Any CPU.Build.0 = Release|Any CPU
	EndGlobalSection
	GlobalSection(SolutionProperties) = preSolution
		HideSolutionNode = FALSE
	EndGlobalSection
	GlobalSection(ExtensibilityGlobals) = postSolution
		SolutionGuid = {E9C9FC09-AB92-401D-B673-DC48E0019C83}
	EndGlobalSection
EndGlobal
